
Microsoft Visual Studio Solution File, Format Version 12.00
# Visual Studio Version 16
VisualStudioVersion = 16.0.31410.357
MinimumVisualStudioVersion = 10.0.40219.1
Project("{9A19103F-16F7-4668-BE54-9A1E7A4F7556}") = "AssemblyLoader", "SmartCalc\AssemblyLoader.csproj", "{96574D04-B545-4031-991B-9A65021FA185}"
EndProject
Global
	GlobalSection(SolutionConfigurationPlatforms) = preSolution
		Debug|Any CPU = Debug|Any CPU
		Release|Any CPU = Release|Any CPU
	EndGlobalSection
	GlobalSection(ProjectConfigurationPlatforms) = postSolution
		{96574D04-B545-4031-991B-9A65021FA185}.Debug|Any CPU.ActiveCfg = Debug|Any CPU
		{96574D04-B545-4031-991B-9A65021FA185}.Debug|Any CPU.Build.0 = Debug|Any CPU
		{96574D04-B545-4031-991B-9A65021FA185}.Release|Any CPU.ActiveCfg = Release|Any CPU
		{96574D04-B545-4031-991B-9A65021FA185}.Release|Any CPU.Build.0 = Release|Any CPU
	EndGlobalSection
	GlobalSection(SolutionProperties) = preSolution
		HideSolutionNode = FALSE
	EndGlobalSection
	GlobalSection(ExtensibilityGlobals) = postSolution
		SolutionGuid = {9BD94A2C-2CEE-4D9E-AAD9-C6366DDC5937}
	EndGlobalSection
EndGlobal
